
Microsoft Visual Studio Solution File, Format Version 12.00
# Visual Studio Version 16
VisualStudioVersion = 16.0.29409.12
MinimumVisualStudioVersion = 10.0.40219.1
Project("{FAE04EC0-301F-11D3-BF4B-00C04F79EFBC}") = "Number2(2)", "Number2(2)\Number2(2).csproj", "{428AF824-F22C-43BB-B547-3E8EE5AB591C}"
EndProject
Global
	GlobalSection(SolutionConfigurationPlatforms) = preSolution
		Debug|Any CPU = Debug|Any CPU
		Release|Any CPU = Release|Any CPU
	EndGlobalSection
	GlobalSection(ProjectConfigurationPlatforms) = postSolution
		{428AF824-F22C-43BB-B547-3E8EE5AB591C}.Debug|Any CPU.ActiveCfg = Debug|Any CPU
		{428AF824-F22C-43BB-B547-3E8EE5AB591C}.Debug|Any CPU.Build.0 = Debug|Any CPU
		{428AF824-F22C-43BB-B547-3E8EE5AB591C}.Release|Any CPU.ActiveCfg = Release|Any CPU
		{428AF824-F22C-43BB-B547-3E8EE5AB591C}.Release|Any CPU.Build.0 = Release|Any CPU
	EndGlobalSection
	GlobalSection(SolutionProperties) = preSolution
		HideSolutionNode = FALSE
	EndGlobalSection
	GlobalSection(ExtensibilityGlobals) = postSolution
		SolutionGuid = {B205313A-084C-4DAC-AC8D-22B1C22635C6}
	EndGlobalSection
EndGlobal
