
Microsoft Visual Studio Solution File, Format Version 12.00
# Visual Studio Version 16
VisualStudioVersion = 16.0.29409.12
MinimumVisualStudioVersion = 10.0.40219.1
Project("{FAE04EC0-301F-11D3-BF4B-00C04F79EFBC}") = "Number3(2)", "Number3(2)\Number3(2).csproj", "{753F8C25-87F5-4AEC-B445-11D487BBF86F}"
EndProject
Global
	GlobalSection(SolutionConfigurationPlatforms) = preSolution
		Debug|Any CPU = Debug|Any CPU
		Release|Any CPU = Release|Any CPU
	EndGlobalSection
	GlobalSection(ProjectConfigurationPlatforms) = postSolution
		{753F8C25-87F5-4AEC-B445-11D487BBF86F}.Debug|Any CPU.ActiveCfg = Debug|Any CPU
		{753F8C25-87F5-4AEC-B445-11D487BBF86F}.Debug|Any CPU.Build.0 = Debug|Any CPU
		{753F8C25-87F5-4AEC-B445-11D487BBF86F}.Release|Any CPU.ActiveCfg = Release|Any CPU
		{753F8C25-87F5-4AEC-B445-11D487BBF86F}.Release|Any CPU.Build.0 = Release|Any CPU
	EndGlobalSection
	GlobalSection(SolutionProperties) = preSolution
		HideSolutionNode = FALSE
	EndGlobalSection
	GlobalSection(ExtensibilityGlobals) = postSolution
		SolutionGuid = {76847F16-9DA9-4281-AFF2-82E43171BF3D}
	EndGlobalSection
EndGlobal
